
Microsoft Visual Studio Solution File, Format Version 12.00
# Visual Studio Version 17
VisualStudioVersion = 17.5.33530.505
MinimumVisualStudioVersion = 10.0.40219.1
Project("{FAE04EC0-301F-11D3-BF4B-00C04F79EFBC}") = "CustomListApp", "CustomListApp\CustomListApp.csproj", "{F606E23B-629F-42DC-B7C8-AE21E568B6AB}"
EndProject
Project("{FAE04EC0-301F-11D3-BF4B-00C04F79EFBC}") = "CustomList.Core", "CustomList.Core\CustomList.Core.csproj", "{59BFC6FB-1664-401E-A8ED-58D4DC2C7068}"
EndProject
Project("{FAE04EC0-301F-11D3-BF4B-00C04F79EFBC}") = "CustomList.Data", "CustomList.Data\CustomList.Data.csproj", "{718769DE-25C2-4A80-B03B-8D8E6A6071C7}"
EndProject
Global
	GlobalSection(SolutionConfigurationPlatforms) = preSolution
		Debug|Any CPU = Debug|Any CPU
		Release|Any CPU = Release|Any CPU
	EndGlobalSection
	GlobalSection(ProjectConfigurationPlatforms) = postSolution
		{F606E23B-629F-42DC-B7C8-AE21E568B6AB}.Debug|Any CPU.ActiveCfg = Debug|Any CPU
		{F606E23B-629F-42DC-B7C8-AE21E568B6AB}.Debug|Any CPU.Build.0 = Debug|Any CPU
		{F606E23B-629F-42DC-B7C8-AE21E568B6AB}.Release|Any CPU.ActiveCfg = Release|Any CPU
		{F606E23B-629F-42DC-B7C8-AE21E568B6AB}.Release|Any CPU.Build.0 = Release|Any CPU
		{59BFC6FB-1664-401E-A8ED-58D4DC2C7068}.Debug|Any CPU.ActiveCfg = Debug|Any CPU
		{59BFC6FB-1664-401E-A8ED-58D4DC2C7068}.Debug|Any CPU.Build.0 = Debug|Any CPU
		{59BFC6FB-1664-401E-A8ED-58D4DC2C7068}.Release|Any CPU.ActiveCfg = Release|Any CPU
		{59BFC6FB-1664-401E-A8ED-58D4DC2C7068}.Release|Any CPU.Build.0 = Release|Any CPU
		{718769DE-25C2-4A80-B03B-8D8E6A6071C7}.Debug|Any CPU.ActiveCfg = Debug|Any CPU
		{718769DE-25C2-4A80-B03B-8D8E6A6071C7}.Debug|Any CPU.Build.0 = Debug|Any CPU
		{718769DE-25C2-4A80-B03B-8D8E6A6071C7}.Release|Any CPU.ActiveCfg = Release|Any CPU
		{718769DE-25C2-4A80-B03B-8D8E6A6071C7}.Release|Any CPU.Build.0 = Release|Any CPU
	EndGlobalSection
	GlobalSection(SolutionProperties) = preSolution
		HideSolutionNode = FALSE
	EndGlobalSection
	GlobalSection(ExtensibilityGlobals) = postSolution
		SolutionGuid = {6DFAA306-D1B5-4110-B494-DC09BBBD131C}
	EndGlobalSection
EndGlobal
